
Microsoft Visual Studio Solution File, Format Version 12.00
# Visual Studio Version 17
VisualStudioVersion = 17.0.32112.339
MinimumVisualStudioVersion = 10.0.40219.1
Project("{9A19103F-16F7-4668-BE54-9A1E7A4F7556}") = "EM.Bases", "EM.Bases\EM.Bases.csproj", "{C2A0C59D-51EE-4F29-BC30-3091A1EBB783}"
EndProject
Global
	GlobalSection(SolutionConfigurationPlatforms) = preSolution
		Debug|Any CPU = Debug|Any CPU
		Release|Any CPU = Release|Any CPU
	EndGlobalSection
	GlobalSection(ProjectConfigurationPlatforms) = postSolution
		{C2A0C59D-51EE-4F29-BC30-3091A1EBB783}.Debug|Any CPU.ActiveCfg = Debug|Any CPU
		{C2A0C59D-51EE-4F29-BC30-3091A1EBB783}.Debug|Any CPU.Build.0 = Debug|Any CPU
		{C2A0C59D-51EE-4F29-BC30-3091A1EBB783}.Release|Any CPU.ActiveCfg = Release|Any CPU
		{C2A0C59D-51EE-4F29-BC30-3091A1EBB783}.Release|Any CPU.Build.0 = Release|Any CPU
	EndGlobalSection
	GlobalSection(SolutionProperties) = preSolution
		HideSolutionNode = FALSE
	EndGlobalSection
	GlobalSection(ExtensibilityGlobals) = postSolution
		SolutionGuid = {182C2EF7-8E15-4395-B5C7-D97462DDAB2C}
	EndGlobalSection
EndGlobal
